
Microsoft Visual Studio Solution File, Format Version 12.00
# Visual Studio Version 16
VisualStudioVersion = 16.0.30717.126
MinimumVisualStudioVersion = 10.0.40219.1
Project("{FAE04EC0-301F-11D3-BF4B-00C04F79EFBC}") = "OOP1", "OOP1\OOP1.csproj", "{17DD220B-BE33-4C18-AED6-A29C889B1C94}"
EndProject
Global
	GlobalSection(SolutionConfigurationPlatforms) = preSolution
		Debug|Any CPU = Debug|Any CPU
		Release|Any CPU = Release|Any CPU
	EndGlobalSection
	GlobalSection(ProjectConfigurationPlatforms) = postSolution
		{17DD220B-BE33-4C18-AED6-A29C889B1C94}.Debug|Any CPU.ActiveCfg = Debug|Any CPU
		{17DD220B-BE33-4C18-AED6-A29C889B1C94}.Debug|Any CPU.Build.0 = Debug|Any CPU
		{17DD220B-BE33-4C18-AED6-A29C889B1C94}.Release|Any CPU.ActiveCfg = Release|Any CPU
		{17DD220B-BE33-4C18-AED6-A29C889B1C94}.Release|Any CPU.Build.0 = Release|Any CPU
	EndGlobalSection
	GlobalSection(SolutionProperties) = preSolution
		HideSolutionNode = FALSE
	EndGlobalSection
	GlobalSection(ExtensibilityGlobals) = postSolution
		SolutionGuid = {45249DA6-71A4-4013-9210-890E04E40A5E}
	EndGlobalSection
EndGlobal
